
Microsoft Visual Studio Solution File, Format Version 12.00
# Visual Studio Version 17
VisualStudioVersion = 17.0.31903.59
MinimumVisualStudioVersion = 10.0.40219.1
Project("{9A19103F-16F7-4668-BE54-9A1E7A4F7556}") = "ScoreTracker.Web", "ScoreTracker\ScoreTracker.Web.csproj", "{EDB5BA85-F16B-4289-8481-6BAAD44FDF32}"
EndProject
Project("{2150E333-8FDC-42A3-9474-1A3956D46DE8}") = "Core", "Core", "{1FF2B02B-1C9D-443C-A0A7-76B2D5C3DA71}"
EndProject
Project("{2150E333-8FDC-42A3-9474-1A3956D46DE8}") = "Presentation", "Presentation", "{2C2C3AF1-A1A3-46F0-AB58-B7D784EEB2B7}"
EndProject
Project("{2150E333-8FDC-42A3-9474-1A3956D46DE8}") = "Infrastructure", "Infrastructure", "{9D657636-0E66-469F-9195-1379F737F74F}"
EndProject
Project("{9A19103F-16F7-4668-BE54-9A1E7A4F7556}") = "ScoreTracker.Domain", "ScoreTracker.Domain\ScoreTracker.Domain.csproj", "{DD5E1E89-45A8-4DC2-A621-7F28BBBF7CD8}"
EndProject
Project("{9A19103F-16F7-4668-BE54-9A1E7A4F7556}") = "ScoreTracker.Application", "ScoreTracker.Application\ScoreTracker.Application.csproj", "{5FE5BBE8-1B05-4295-AF9E-AC89CFFD47C1}"
EndProject
Project("{9A19103F-16F7-4668-BE54-9A1E7A4F7556}") = "ScoreTracker.Tests", "ScoreTracker.Tests\ScoreTracker.Tests.csproj", "{D491FB2E-E1CB-47B7-97F3-D154404CEE39}"
EndProject
Project("{9A19103F-16F7-4668-BE54-9A1E7A4F7556}") = "ScoreTracker.Data", "ScoreTracker.Data\ScoreTracker.Data.csproj", "{397C79DD-4BCE-4CD2-834E-989A708D8395}"
EndProject
Project("{9A19103F-16F7-4668-BE54-9A1E7A4F7556}") = "ScoreTracker.CompositionRoot", "ScoreTracker.CompositionRoot\ScoreTracker.CompositionRoot.csproj", "{4D0EC8CE-32D1-496C-A451-DB78108F2E40}"
EndProject
Project("{9A19103F-16F7-4668-BE54-9A1E7A4F7556}") = "ScoreTracker.PersonalProgress", "ScoreTracker.PersonalProgress\ScoreTracker.PersonalProgress.csproj", "{528D6187-7392-443C-AACB-992A81B0ED16}"
EndProject
Global
	GlobalSection(SolutionConfigurationPlatforms) = preSolution
		Debug|Any CPU = Debug|Any CPU
		Release|Any CPU = Release|Any CPU
	EndGlobalSection
	GlobalSection(ProjectConfigurationPlatforms) = postSolution
		{EDB5BA85-F16B-4289-8481-6BAAD44FDF32}.Debug|Any CPU.ActiveCfg = Debug|Any CPU
		{EDB5BA85-F16B-4289-8481-6BAAD44FDF32}.Debug|Any CPU.Build.0 = Debug|Any CPU
		{EDB5BA85-F16B-4289-8481-6BAAD44FDF32}.Release|Any CPU.ActiveCfg = Release|Any CPU
		{EDB5BA85-F16B-4289-8481-6BAAD44FDF32}.Release|Any CPU.Build.0 = Release|Any CPU
		{DD5E1E89-45A8-4DC2-A621-7F28BBBF7CD8}.Debug|Any CPU.ActiveCfg = Debug|Any CPU
		{DD5E1E89-45A8-4DC2-A621-7F28BBBF7CD8}.Debug|Any CPU.Build.0 = Debug|Any CPU
		{DD5E1E89-45A8-4DC2-A621-7F28BBBF7CD8}.Release|Any CPU.ActiveCfg = Release|Any CPU
		{DD5E1E89-45A8-4DC2-A621-7F28BBBF7CD8}.Release|Any CPU.Build.0 = Release|Any CPU
		{5FE5BBE8-1B05-4295-AF9E-AC89CFFD47C1}.Debug|Any CPU.ActiveCfg = Debug|Any CPU
		{5FE5BBE8-1B05-4295-AF9E-AC89CFFD47C1}.Debug|Any CPU.Build.0 = Debug|Any CPU
		{5FE5BBE8-1B05-4295-AF9E-AC89CFFD47C1}.Release|Any CPU.ActiveCfg = Release|Any CPU
		{5FE5BBE8-1B05-4295-AF9E-AC89CFFD47C1}.Release|Any CPU.Build.0 = Release|Any CPU
		{D491FB2E-E1CB-47B7-97F3-D154404CEE39}.Debug|Any CPU.ActiveCfg = Debug|Any CPU
		{D491FB2E-E1CB-47B7-97F3-D154404CEE39}.Debug|Any CPU.Build.0 = Debug|Any CPU
		{D491FB2E-E1CB-47B7-97F3-D154404CEE39}.Release|Any CPU.ActiveCfg = Release|Any CPU
		{D491FB2E-E1CB-47B7-97F3-D154404CEE39}.Release|Any CPU.Build.0 = Release|Any CPU
		{397C79DD-4BCE-4CD2-834E-989A708D8395}.Debug|Any CPU.ActiveCfg = Debug|Any CPU
		{397C79DD-4BCE-4CD2-834E-989A708D8395}.Debug|Any CPU.Build.0 = Debug|Any CPU
		{397C79DD-4BCE-4CD2-834E-989A708D8395}.Release|Any CPU.ActiveCfg = Release|Any CPU
		{397C79DD-4BCE-4CD2-834E-989A708D8395}.Release|Any CPU.Build.0 = Release|Any CPU
		{4D0EC8CE-32D1-496C-A451-DB78108F2E40}.Debug|Any CPU.ActiveCfg = Debug|Any CPU
		{4D0EC8CE-32D1-496C-A451-DB78108F2E40}.Debug|Any CPU.Build.0 = Debug|Any CPU
		{4D0EC8CE-32D1-496C-A451-DB78108F2E40}.Release|Any CPU.ActiveCfg = Release|Any CPU
		{4D0EC8CE-32D1-496C-A451-DB78108F2E40}.Release|Any CPU.Build.0 = Release|Any CPU
		{528D6187-7392-443C-AACB-992A81B0ED16}.Debug|Any CPU.ActiveCfg = Debug|Any CPU
		{528D6187-7392-443C-AACB-992A81B0ED16}.Debug|Any CPU.Build.0 = Debug|Any CPU
		{528D6187-7392-443C-AACB-992A81B0ED16}.Release|Any CPU.ActiveCfg = Release|Any CPU
		{528D6187-7392-443C-AACB-992A81B0ED16}.Release|Any CPU.Build.0 = Release|Any CPU
	EndGlobalSection
	GlobalSection(SolutionProperties) = preSolution
		HideSolutionNode = FALSE
	EndGlobalSection
	GlobalSection(NestedProjects) = preSolution
		{EDB5BA85-F16B-4289-8481-6BAAD44FDF32} = {2C2C3AF1-A1A3-46F0-AB58-B7D784EEB2B7}
		{DD5E1E89-45A8-4DC2-A621-7F28BBBF7CD8} = {1FF2B02B-1C9D-443C-A0A7-76B2D5C3DA71}
		{5FE5BBE8-1B05-4295-AF9E-AC89CFFD47C1} = {1FF2B02B-1C9D-443C-A0A7-76B2D5C3DA71}
		{D491FB2E-E1CB-47B7-97F3-D154404CEE39} = {2C2C3AF1-A1A3-46F0-AB58-B7D784EEB2B7}
		{397C79DD-4BCE-4CD2-834E-989A708D8395} = {9D657636-0E66-469F-9195-1379F737F74F}
		{4D0EC8CE-32D1-496C-A451-DB78108F2E40} = {2C2C3AF1-A1A3-46F0-AB58-B7D784EEB2B7}
		{528D6187-7392-443C-AACB-992A81B0ED16} = {1FF2B02B-1C9D-443C-A0A7-76B2D5C3DA71}
	EndGlobalSection
	GlobalSection(ExtensibilityGlobals) = postSolution
		RESX_PrefixTranslations = True
		SolutionGuid = {6891F7A7-F4B8-4BAB-BD81-894909DC9465}
	EndGlobalSection
EndGlobal
