
Microsoft Visual Studio Solution File, Format Version 12.00
# Visual Studio Version 17
VisualStudioVersion = 17.0.31903.59
MinimumVisualStudioVersion = 10.0.40219.1
Project("{9A19103F-16F7-4668-BE54-9A1E7A4F7556}") = "ScoreTracker.Web", "ScoreTracker\ScoreTracker.Web.csproj", "{EDB5BA85-F16B-4289-8481-6BAAD44FDF32}"
EndProject
Project("{2150E333-8FDC-42A3-9474-1A3956D46DE8}") = "Core", "Core", "{1FF2B02B-1C9D-443C-A0A7-76B2D5C3DA71}"
EndProject
Project("{2150E333-8FDC-42A3-9474-1A3956D46DE8}") = "Presentation", "Presentation", "{2C2C3AF1-A1A3-46F0-AB58-B7D784EEB2B7}"
EndProject
Project("{2150E333-8FDC-42A3-9474-1A3956D46DE8}") = "Infrastructure", "Infrastructure", "{9D657636-0E66-469F-9195-1379F737F74F}"
EndProject
Project("{2150E333-8FDC-42A3-9474-1A3956D46DE8}") = "Tests", "Tests", "{8AB601BD-0F86-40D2-907C-19D14D57DBB3}"
EndProject
Project("{9A19103F-16F7-4668-BE54-9A1E7A4F7556}") = "ScoreTracker.Domain", "ScoreTracker.Domain\ScoreTracker.Domain.csproj", "{DD5E1E89-45A8-4DC2-A621-7F28BBBF7CD8}"
EndProject
Project("{9A19103F-16F7-4668-BE54-9A1E7A4F7556}") = "ScoreTracker.Application", "ScoreTracker.Application\ScoreTracker.Application.csproj", "{5FE5BBE8-1B05-4295-AF9E-AC89CFFD47C1}"
EndProject
Project("{9A19103F-16F7-4668-BE54-9A1E7A4F7556}") = "ScoreTracker.Tests", "ScoreTracker.Tests\ScoreTracker.Tests.csproj", "{D491FB2E-E1CB-47B7-97F3-D154404CEE39}"
EndProject
Project("{9A19103F-16F7-4668-BE54-9A1E7A4F7556}") = "ScoreTracker.Data", "ScoreTracker.Data\ScoreTracker.Data.csproj", "{397C79DD-4BCE-4CD2-834E-989A708D8395}"
EndProject
Project("{9A19103F-16F7-4668-BE54-9A1E7A4F7556}") = "ScoreTracker.CompositionRoot", "ScoreTracker.CompositionRoot\ScoreTracker.CompositionRoot.csproj", "{4D0EC8CE-32D1-496C-A451-DB78108F2E40}"
EndProject
Project("{9A19103F-16F7-4668-BE54-9A1E7A4F7556}") = "ScoreTracker.Tests.Integration", "ScoreTracker.Tests.Integration\ScoreTracker.Tests.Integration.csproj", "{D6E2D614-3753-40A5-A16C-70658E6596D1}"
EndProject
Project("{FAE04EC0-301F-11D3-BF4B-00C04F79EFBC}") = "ScoreTracker.Tests.Api", "ScoreTracker.Tests.Api\ScoreTracker.Tests.Api.csproj", "{A08DFE27-7B43-4308-A425-5275CF5D685B}"
EndProject
Project("{FAE04EC0-301F-11D3-BF4B-00C04F79EFBC}") = "ScoreTracker.SharedKernel", "ScoreTracker.SharedKernel\ScoreTracker.SharedKernel.csproj", "{1F3079CF-6AA1-4BE4-8B91-127743D743DE}"
EndProject
Project("{FAE04EC0-301F-11D3-BF4B-00C04F79EFBC}") = "ScoreTracker.Ucs", "ScoreTracker.Ucs\ScoreTracker.Ucs.csproj", "{1DE9F7B7-B976-4844-99B2-F678DC0E2DFA}"
EndProject
Project("{FAE04EC0-301F-11D3-BF4B-00C04F79EFBC}") = "ScoreTracker.ScoreLedger", "ScoreTracker.ScoreLedger\ScoreTracker.ScoreLedger.csproj", "{40B6A9C4-CDCB-4F39-AB25-F50314B4D691}"
EndProject
Project("{FAE04EC0-301F-11D3-BF4B-00C04F79EFBC}") = "ScoreTracker.EventCompetition", "ScoreTracker.EventCompetition\ScoreTracker.EventCompetition.csproj", "{FE8F8C53-1005-453E-BED7-86DC2DEB3DEF}"
EndProject
Project("{FAE04EC0-301F-11D3-BF4B-00C04F79EFBC}") = "ScoreTracker.Communities", "ScoreTracker.Communities\ScoreTracker.Communities.csproj", "{9DE80C52-7465-4796-AA13-B34F9EEA7F89}"
EndProject
Project("{FAE04EC0-301F-11D3-BF4B-00C04F79EFBC}") = "ScoreTracker.PlayerProgress", "ScoreTracker.PlayerProgress\ScoreTracker.PlayerProgress.csproj", "{516FA653-2C2A-4B31-A559-9D6D870350E3}"
EndProject
Project("{FAE04EC0-301F-11D3-BF4B-00C04F79EFBC}") = "ScoreTracker.Identity", "ScoreTracker.Identity\ScoreTracker.Identity.csproj", "{3F38AC1C-914D-475D-A53C-3A1BA996AE6B}"
EndProject
Global
	GlobalSection(SolutionConfigurationPlatforms) = preSolution
		Debug|Any CPU = Debug|Any CPU
		Debug|x64 = Debug|x64
		Debug|x86 = Debug|x86
		Release|Any CPU = Release|Any CPU
		Release|x64 = Release|x64
		Release|x86 = Release|x86
	EndGlobalSection
	GlobalSection(ProjectConfigurationPlatforms) = postSolution
		{EDB5BA85-F16B-4289-8481-6BAAD44FDF32}.Debug|Any CPU.ActiveCfg = Debug|Any CPU
		{EDB5BA85-F16B-4289-8481-6BAAD44FDF32}.Debug|Any CPU.Build.0 = Debug|Any CPU
		{EDB5BA85-F16B-4289-8481-6BAAD44FDF32}.Debug|x64.ActiveCfg = Debug|Any CPU
		{EDB5BA85-F16B-4289-8481-6BAAD44FDF32}.Debug|x64.Build.0 = Debug|Any CPU
		{EDB5BA85-F16B-4289-8481-6BAAD44FDF32}.Debug|x86.ActiveCfg = Debug|Any CPU
		{EDB5BA85-F16B-4289-8481-6BAAD44FDF32}.Debug|x86.Build.0 = Debug|Any CPU
		{EDB5BA85-F16B-4289-8481-6BAAD44FDF32}.Release|Any CPU.ActiveCfg = Release|Any CPU
		{EDB5BA85-F16B-4289-8481-6BAAD44FDF32}.Release|Any CPU.Build.0 = Release|Any CPU
		{EDB5BA85-F16B-4289-8481-6BAAD44FDF32}.Release|x64.ActiveCfg = Release|Any CPU
		{EDB5BA85-F16B-4289-8481-6BAAD44FDF32}.Release|x64.Build.0 = Release|Any CPU
		{EDB5BA85-F16B-4289-8481-6BAAD44FDF32}.Release|x86.ActiveCfg = Release|Any CPU
		{EDB5BA85-F16B-4289-8481-6BAAD44FDF32}.Release|x86.Build.0 = Release|Any CPU
		{DD5E1E89-45A8-4DC2-A621-7F28BBBF7CD8}.Debug|Any CPU.ActiveCfg = Debug|Any CPU
		{DD5E1E89-45A8-4DC2-A621-7F28BBBF7CD8}.Debug|Any CPU.Build.0 = Debug|Any CPU
		{DD5E1E89-45A8-4DC2-A621-7F28BBBF7CD8}.Debug|x64.ActiveCfg = Debug|Any CPU
		{DD5E1E89-45A8-4DC2-A621-7F28BBBF7CD8}.Debug|x64.Build.0 = Debug|Any CPU
		{DD5E1E89-45A8-4DC2-A621-7F28BBBF7CD8}.Debug|x86.ActiveCfg = Debug|Any CPU
		{DD5E1E89-45A8-4DC2-A621-7F28BBBF7CD8}.Debug|x86.Build.0 = Debug|Any CPU
		{DD5E1E89-45A8-4DC2-A621-7F28BBBF7CD8}.Release|Any CPU.ActiveCfg = Release|Any CPU
		{DD5E1E89-45A8-4DC2-A621-7F28BBBF7CD8}.Release|Any CPU.Build.0 = Release|Any CPU
		{DD5E1E89-45A8-4DC2-A621-7F28BBBF7CD8}.Release|x64.ActiveCfg = Release|Any CPU
		{DD5E1E89-45A8-4DC2-A621-7F28BBBF7CD8}.Release|x64.Build.0 = Release|Any CPU
		{DD5E1E89-45A8-4DC2-A621-7F28BBBF7CD8}.Release|x86.ActiveCfg = Release|Any CPU
		{DD5E1E89-45A8-4DC2-A621-7F28BBBF7CD8}.Release|x86.Build.0 = Release|Any CPU
		{5FE5BBE8-1B05-4295-AF9E-AC89CFFD47C1}.Debug|Any CPU.ActiveCfg = Debug|Any CPU
		{5FE5BBE8-1B05-4295-AF9E-AC89CFFD47C1}.Debug|Any CPU.Build.0 = Debug|Any CPU
		{5FE5BBE8-1B05-4295-AF9E-AC89CFFD47C1}.Debug|x64.ActiveCfg = Debug|Any CPU
		{5FE5BBE8-1B05-4295-AF9E-AC89CFFD47C1}.Debug|x64.Build.0 = Debug|Any CPU
		{5FE5BBE8-1B05-4295-AF9E-AC89CFFD47C1}.Debug|x86.ActiveCfg = Debug|Any CPU
		{5FE5BBE8-1B05-4295-AF9E-AC89CFFD47C1}.Debug|x86.Build.0 = Debug|Any CPU
		{5FE5BBE8-1B05-4295-AF9E-AC89CFFD47C1}.Release|Any CPU.ActiveCfg = Release|Any CPU
		{5FE5BBE8-1B05-4295-AF9E-AC89CFFD47C1}.Release|Any CPU.Build.0 = Release|Any CPU
		{5FE5BBE8-1B05-4295-AF9E-AC89CFFD47C1}.Release|x64.ActiveCfg = Release|Any CPU
		{5FE5BBE8-1B05-4295-AF9E-AC89CFFD47C1}.Release|x64.Build.0 = Release|Any CPU
		{5FE5BBE8-1B05-4295-AF9E-AC89CFFD47C1}.Release|x86.ActiveCfg = Release|Any CPU
		{5FE5BBE8-1B05-4295-AF9E-AC89CFFD47C1}.Release|x86.Build.0 = Release|Any CPU
		{D491FB2E-E1CB-47B7-97F3-D154404CEE39}.Debug|Any CPU.ActiveCfg = Debug|Any CPU
		{D491FB2E-E1CB-47B7-97F3-D154404CEE39}.Debug|Any CPU.Build.0 = Debug|Any CPU
		{D491FB2E-E1CB-47B7-97F3-D154404CEE39}.Debug|x64.ActiveCfg = Debug|Any CPU
		{D491FB2E-E1CB-47B7-97F3-D154404CEE39}.Debug|x64.Build.0 = Debug|Any CPU
		{D491FB2E-E1CB-47B7-97F3-D154404CEE39}.Debug|x86.ActiveCfg = Debug|Any CPU
		{D491FB2E-E1CB-47B7-97F3-D154404CEE39}.Debug|x86.Build.0 = Debug|Any CPU
		{D491FB2E-E1CB-47B7-97F3-D154404CEE39}.Release|Any CPU.ActiveCfg = Release|Any CPU
		{D491FB2E-E1CB-47B7-97F3-D154404CEE39}.Release|Any CPU.Build.0 = Release|Any CPU
		{D491FB2E-E1CB-47B7-97F3-D154404CEE39}.Release|x64.ActiveCfg = Release|Any CPU
		{D491FB2E-E1CB-47B7-97F3-D154404CEE39}.Release|x64.Build.0 = Release|Any CPU
		{D491FB2E-E1CB-47B7-97F3-D154404CEE39}.Release|x86.ActiveCfg = Release|Any CPU
		{D491FB2E-E1CB-47B7-97F3-D154404CEE39}.Release|x86.Build.0 = Release|Any CPU
		{397C79DD-4BCE-4CD2-834E-989A708D8395}.Debug|Any CPU.ActiveCfg = Debug|Any CPU
		{397C79DD-4BCE-4CD2-834E-989A708D8395}.Debug|Any CPU.Build.0 = Debug|Any CPU
		{397C79DD-4BCE-4CD2-834E-989A708D8395}.Debug|x64.ActiveCfg = Debug|Any CPU
		{397C79DD-4BCE-4CD2-834E-989A708D8395}.Debug|x64.Build.0 = Debug|Any CPU
		{397C79DD-4BCE-4CD2-834E-989A708D8395}.Debug|x86.ActiveCfg = Debug|Any CPU
		{397C79DD-4BCE-4CD2-834E-989A708D8395}.Debug|x86.Build.0 = Debug|Any CPU
		{397C79DD-4BCE-4CD2-834E-989A708D8395}.Release|Any CPU.ActiveCfg = Release|Any CPU
		{397C79DD-4BCE-4CD2-834E-989A708D8395}.Release|Any CPU.Build.0 = Release|Any CPU
		{397C79DD-4BCE-4CD2-834E-989A708D8395}.Release|x64.ActiveCfg = Release|Any CPU
		{397C79DD-4BCE-4CD2-834E-989A708D8395}.Release|x64.Build.0 = Release|Any CPU
		{397C79DD-4BCE-4CD2-834E-989A708D8395}.Release|x86.ActiveCfg = Release|Any CPU
		{397C79DD-4BCE-4CD2-834E-989A708D8395}.Release|x86.Build.0 = Release|Any CPU
		{4D0EC8CE-32D1-496C-A451-DB78108F2E40}.Debug|Any CPU.ActiveCfg = Debug|Any CPU
		{4D0EC8CE-32D1-496C-A451-DB78108F2E40}.Debug|Any CPU.Build.0 = Debug|Any CPU
		{4D0EC8CE-32D1-496C-A451-DB78108F2E40}.Debug|x64.ActiveCfg = Debug|Any CPU
		{4D0EC8CE-32D1-496C-A451-DB78108F2E40}.Debug|x64.Build.0 = Debug|Any CPU
		{4D0EC8CE-32D1-496C-A451-DB78108F2E40}.Debug|x86.ActiveCfg = Debug|Any CPU
		{4D0EC8CE-32D1-496C-A451-DB78108F2E40}.Debug|x86.Build.0 = Debug|Any CPU
		{4D0EC8CE-32D1-496C-A451-DB78108F2E40}.Release|Any CPU.ActiveCfg = Release|Any CPU
		{4D0EC8CE-32D1-496C-A451-DB78108F2E40}.Release|Any CPU.Build.0 = Release|Any CPU
		{4D0EC8CE-32D1-496C-A451-DB78108F2E40}.Release|x64.ActiveCfg = Release|Any CPU
		{4D0EC8CE-32D1-496C-A451-DB78108F2E40}.Release|x64.Build.0 = Release|Any CPU
		{4D0EC8CE-32D1-496C-A451-DB78108F2E40}.Release|x86.ActiveCfg = Release|Any CPU
		{4D0EC8CE-32D1-496C-A451-DB78108F2E40}.Release|x86.Build.0 = Release|Any CPU
		{D6E2D614-3753-40A5-A16C-70658E6596D1}.Debug|Any CPU.ActiveCfg = Debug|Any CPU
		{D6E2D614-3753-40A5-A16C-70658E6596D1}.Debug|Any CPU.Build.0 = Debug|Any CPU
		{D6E2D614-3753-40A5-A16C-70658E6596D1}.Debug|x64.ActiveCfg = Debug|Any CPU
		{D6E2D614-3753-40A5-A16C-70658E6596D1}.Debug|x64.Build.0 = Debug|Any CPU
		{D6E2D614-3753-40A5-A16C-70658E6596D1}.Debug|x86.ActiveCfg = Debug|Any CPU
		{D6E2D614-3753-40A5-A16C-70658E6596D1}.Debug|x86.Build.0 = Debug|Any CPU
		{D6E2D614-3753-40A5-A16C-70658E6596D1}.Release|Any CPU.ActiveCfg = Release|Any CPU
		{D6E2D614-3753-40A5-A16C-70658E6596D1}.Release|Any CPU.Build.0 = Release|Any CPU
		{D6E2D614-3753-40A5-A16C-70658E6596D1}.Release|x64.ActiveCfg = Release|Any CPU
		{D6E2D614-3753-40A5-A16C-70658E6596D1}.Release|x64.Build.0 = Release|Any CPU
		{D6E2D614-3753-40A5-A16C-70658E6596D1}.Release|x86.ActiveCfg = Release|Any CPU
		{D6E2D614-3753-40A5-A16C-70658E6596D1}.Release|x86.Build.0 = Release|Any CPU
		{A08DFE27-7B43-4308-A425-5275CF5D685B}.Debug|Any CPU.ActiveCfg = Debug|Any CPU
		{A08DFE27-7B43-4308-A425-5275CF5D685B}.Debug|Any CPU.Build.0 = Debug|Any CPU
		{A08DFE27-7B43-4308-A425-5275CF5D685B}.Debug|x64.ActiveCfg = Debug|Any CPU
		{A08DFE27-7B43-4308-A425-5275CF5D685B}.Debug|x64.Build.0 = Debug|Any CPU
		{A08DFE27-7B43-4308-A425-5275CF5D685B}.Debug|x86.ActiveCfg = Debug|Any CPU
		{A08DFE27-7B43-4308-A425-5275CF5D685B}.Debug|x86.Build.0 = Debug|Any CPU
		{A08DFE27-7B43-4308-A425-5275CF5D685B}.Release|Any CPU.ActiveCfg = Release|Any CPU
		{A08DFE27-7B43-4308-A425-5275CF5D685B}.Release|Any CPU.Build.0 = Release|Any CPU
		{A08DFE27-7B43-4308-A425-5275CF5D685B}.Release|x64.ActiveCfg = Release|Any CPU
		{A08DFE27-7B43-4308-A425-5275CF5D685B}.Release|x64.Build.0 = Release|Any CPU
		{A08DFE27-7B43-4308-A425-5275CF5D685B}.Release|x86.ActiveCfg = Release|Any CPU
		{A08DFE27-7B43-4308-A425-5275CF5D685B}.Release|x86.Build.0 = Release|Any CPU
		{1F3079CF-6AA1-4BE4-8B91-127743D743DE}.Debug|Any CPU.ActiveCfg = Debug|Any CPU
		{1F3079CF-6AA1-4BE4-8B91-127743D743DE}.Debug|Any CPU.Build.0 = Debug|Any CPU
		{1F3079CF-6AA1-4BE4-8B91-127743D743DE}.Debug|x64.ActiveCfg = Debug|Any CPU
		{1F3079CF-6AA1-4BE4-8B91-127743D743DE}.Debug|x64.Build.0 = Debug|Any CPU
		{1F3079CF-6AA1-4BE4-8B91-127743D743DE}.Debug|x86.ActiveCfg = Debug|Any CPU
		{1F3079CF-6AA1-4BE4-8B91-127743D743DE}.Debug|x86.Build.0 = Debug|Any CPU
		{1F3079CF-6AA1-4BE4-8B91-127743D743DE}.Release|Any CPU.ActiveCfg = Release|Any CPU
		{1F3079CF-6AA1-4BE4-8B91-127743D743DE}.Release|Any CPU.Build.0 = Release|Any CPU
		{1F3079CF-6AA1-4BE4-8B91-127743D743DE}.Release|x64.ActiveCfg = Release|Any CPU
		{1F3079CF-6AA1-4BE4-8B91-127743D743DE}.Release|x64.Build.0 = Release|Any CPU
		{1F3079CF-6AA1-4BE4-8B91-127743D743DE}.Release|x86.ActiveCfg = Release|Any CPU
		{1F3079CF-6AA1-4BE4-8B91-127743D743DE}.Release|x86.Build.0 = Release|Any CPU
		{1DE9F7B7-B976-4844-99B2-F678DC0E2DFA}.Debug|Any CPU.ActiveCfg = Debug|Any CPU
		{1DE9F7B7-B976-4844-99B2-F678DC0E2DFA}.Debug|Any CPU.Build.0 = Debug|Any CPU
		{1DE9F7B7-B976-4844-99B2-F678DC0E2DFA}.Debug|x64.ActiveCfg = Debug|Any CPU
		{1DE9F7B7-B976-4844-99B2-F678DC0E2DFA}.Debug|x64.Build.0 = Debug|Any CPU
		{1DE9F7B7-B976-4844-99B2-F678DC0E2DFA}.Debug|x86.ActiveCfg = Debug|Any CPU
		{1DE9F7B7-B976-4844-99B2-F678DC0E2DFA}.Debug|x86.Build.0 = Debug|Any CPU
		{1DE9F7B7-B976-4844-99B2-F678DC0E2DFA}.Release|Any CPU.ActiveCfg = Release|Any CPU
		{1DE9F7B7-B976-4844-99B2-F678DC0E2DFA}.Release|Any CPU.Build.0 = Release|Any CPU
		{1DE9F7B7-B976-4844-99B2-F678DC0E2DFA}.Release|x64.ActiveCfg = Release|Any CPU
		{1DE9F7B7-B976-4844-99B2-F678DC0E2DFA}.Release|x64.Build.0 = Release|Any CPU
		{1DE9F7B7-B976-4844-99B2-F678DC0E2DFA}.Release|x86.ActiveCfg = Release|Any CPU
		{1DE9F7B7-B976-4844-99B2-F678DC0E2DFA}.Release|x86.Build.0 = Release|Any CPU
		{40B6A9C4-CDCB-4F39-AB25-F50314B4D691}.Debug|Any CPU.ActiveCfg = Debug|Any CPU
		{40B6A9C4-CDCB-4F39-AB25-F50314B4D691}.Debug|Any CPU.Build.0 = Debug|Any CPU
		{40B6A9C4-CDCB-4F39-AB25-F50314B4D691}.Debug|x64.ActiveCfg = Debug|Any CPU
		{40B6A9C4-CDCB-4F39-AB25-F50314B4D691}.Debug|x64.Build.0 = Debug|Any CPU
		{40B6A9C4-CDCB-4F39-AB25-F50314B4D691}.Debug|x86.ActiveCfg = Debug|Any CPU
		{40B6A9C4-CDCB-4F39-AB25-F50314B4D691}.Debug|x86.Build.0 = Debug|Any CPU
		{40B6A9C4-CDCB-4F39-AB25-F50314B4D691}.Release|Any CPU.ActiveCfg = Release|Any CPU
		{40B6A9C4-CDCB-4F39-AB25-F50314B4D691}.Release|Any CPU.Build.0 = Release|Any CPU
		{40B6A9C4-CDCB-4F39-AB25-F50314B4D691}.Release|x64.ActiveCfg = Release|Any CPU
		{40B6A9C4-CDCB-4F39-AB25-F50314B4D691}.Release|x64.Build.0 = Release|Any CPU
		{40B6A9C4-CDCB-4F39-AB25-F50314B4D691}.Release|x86.ActiveCfg = Release|Any CPU
		{40B6A9C4-CDCB-4F39-AB25-F50314B4D691}.Release|x86.Build.0 = Release|Any CPU
		{FE8F8C53-1005-453E-BED7-86DC2DEB3DEF}.Debug|Any CPU.ActiveCfg = Debug|Any CPU
		{FE8F8C53-1005-453E-BED7-86DC2DEB3DEF}.Debug|Any CPU.Build.0 = Debug|Any CPU
		{FE8F8C53-1005-453E-BED7-86DC2DEB3DEF}.Debug|x64.ActiveCfg = Debug|Any CPU
		{FE8F8C53-1005-453E-BED7-86DC2DEB3DEF}.Debug|x64.Build.0 = Debug|Any CPU
		{FE8F8C53-1005-453E-BED7-86DC2DEB3DEF}.Debug|x86.ActiveCfg = Debug|Any CPU
		{FE8F8C53-1005-453E-BED7-86DC2DEB3DEF}.Debug|x86.Build.0 = Debug|Any CPU
		{FE8F8C53-1005-453E-BED7-86DC2DEB3DEF}.Release|Any CPU.ActiveCfg = Release|Any CPU
		{FE8F8C53-1005-453E-BED7-86DC2DEB3DEF}.Release|Any CPU.Build.0 = Release|Any CPU
		{FE8F8C53-1005-453E-BED7-86DC2DEB3DEF}.Release|x64.ActiveCfg = Release|Any CPU
		{FE8F8C53-1005-453E-BED7-86DC2DEB3DEF}.Release|x64.Build.0 = Release|Any CPU
		{FE8F8C53-1005-453E-BED7-86DC2DEB3DEF}.Release|x86.ActiveCfg = Release|Any CPU
		{FE8F8C53-1005-453E-BED7-86DC2DEB3DEF}.Release|x86.Build.0 = Release|Any CPU
		{9DE80C52-7465-4796-AA13-B34F9EEA7F89}.Debug|Any CPU.ActiveCfg = Debug|Any CPU
		{9DE80C52-7465-4796-AA13-B34F9EEA7F89}.Debug|Any CPU.Build.0 = Debug|Any CPU
		{9DE80C52-7465-4796-AA13-B34F9EEA7F89}.Debug|x64.ActiveCfg = Debug|Any CPU
		{9DE80C52-7465-4796-AA13-B34F9EEA7F89}.Debug|x64.Build.0 = Debug|Any CPU
		{9DE80C52-7465-4796-AA13-B34F9EEA7F89}.Debug|x86.ActiveCfg = Debug|Any CPU
		{9DE80C52-7465-4796-AA13-B34F9EEA7F89}.Debug|x86.Build.0 = Debug|Any CPU
		{9DE80C52-7465-4796-AA13-B34F9EEA7F89}.Release|Any CPU.ActiveCfg = Release|Any CPU
		{9DE80C52-7465-4796-AA13-B34F9EEA7F89}.Release|Any CPU.Build.0 = Release|Any CPU
		{9DE80C52-7465-4796-AA13-B34F9EEA7F89}.Release|x64.ActiveCfg = Release|Any CPU
		{9DE80C52-7465-4796-AA13-B34F9EEA7F89}.Release|x64.Build.0 = Release|Any CPU
		{9DE80C52-7465-4796-AA13-B34F9EEA7F89}.Release|x86.ActiveCfg = Release|Any CPU
		{9DE80C52-7465-4796-AA13-B34F9EEA7F89}.Release|x86.Build.0 = Release|Any CPU
		{516FA653-2C2A-4B31-A559-9D6D870350E3}.Debug|Any CPU.ActiveCfg = Debug|Any CPU
		{516FA653-2C2A-4B31-A559-9D6D870350E3}.Debug|Any CPU.Build.0 = Debug|Any CPU
		{516FA653-2C2A-4B31-A559-9D6D870350E3}.Debug|x64.ActiveCfg = Debug|Any CPU
		{516FA653-2C2A-4B31-A559-9D6D870350E3}.Debug|x64.Build.0 = Debug|Any CPU
		{516FA653-2C2A-4B31-A559-9D6D870350E3}.Debug|x86.ActiveCfg = Debug|Any CPU
		{516FA653-2C2A-4B31-A559-9D6D870350E3}.Debug|x86.Build.0 = Debug|Any CPU
		{516FA653-2C2A-4B31-A559-9D6D870350E3}.Release|Any CPU.ActiveCfg = Release|Any CPU
		{516FA653-2C2A-4B31-A559-9D6D870350E3}.Release|Any CPU.Build.0 = Release|Any CPU
		{516FA653-2C2A-4B31-A559-9D6D870350E3}.Release|x64.ActiveCfg = Release|Any CPU
		{516FA653-2C2A-4B31-A559-9D6D870350E3}.Release|x64.Build.0 = Release|Any CPU
		{516FA653-2C2A-4B31-A559-9D6D870350E3}.Release|x86.ActiveCfg = Release|Any CPU
		{516FA653-2C2A-4B31-A559-9D6D870350E3}.Release|x86.Build.0 = Release|Any CPU
		{3F38AC1C-914D-475D-A53C-3A1BA996AE6B}.Debug|Any CPU.ActiveCfg = Debug|Any CPU
		{3F38AC1C-914D-475D-A53C-3A1BA996AE6B}.Debug|Any CPU.Build.0 = Debug|Any CPU
		{3F38AC1C-914D-475D-A53C-3A1BA996AE6B}.Debug|x64.ActiveCfg = Debug|Any CPU
		{3F38AC1C-914D-475D-A53C-3A1BA996AE6B}.Debug|x64.Build.0 = Debug|Any CPU
		{3F38AC1C-914D-475D-A53C-3A1BA996AE6B}.Debug|x86.ActiveCfg = Debug|Any CPU
		{3F38AC1C-914D-475D-A53C-3A1BA996AE6B}.Debug|x86.Build.0 = Debug|Any CPU
		{3F38AC1C-914D-475D-A53C-3A1BA996AE6B}.Release|Any CPU.ActiveCfg = Release|Any CPU
		{3F38AC1C-914D-475D-A53C-3A1BA996AE6B}.Release|Any CPU.Build.0 = Release|Any CPU
		{3F38AC1C-914D-475D-A53C-3A1BA996AE6B}.Release|x64.ActiveCfg = Release|Any CPU
		{3F38AC1C-914D-475D-A53C-3A1BA996AE6B}.Release|x64.Build.0 = Release|Any CPU
		{3F38AC1C-914D-475D-A53C-3A1BA996AE6B}.Release|x86.ActiveCfg = Release|Any CPU
		{3F38AC1C-914D-475D-A53C-3A1BA996AE6B}.Release|x86.Build.0 = Release|Any CPU
	EndGlobalSection
	GlobalSection(SolutionProperties) = preSolution
		HideSolutionNode = FALSE
	EndGlobalSection
	GlobalSection(NestedProjects) = preSolution
		{EDB5BA85-F16B-4289-8481-6BAAD44FDF32} = {2C2C3AF1-A1A3-46F0-AB58-B7D784EEB2B7}
		{DD5E1E89-45A8-4DC2-A621-7F28BBBF7CD8} = {1FF2B02B-1C9D-443C-A0A7-76B2D5C3DA71}
		{5FE5BBE8-1B05-4295-AF9E-AC89CFFD47C1} = {1FF2B02B-1C9D-443C-A0A7-76B2D5C3DA71}
		{D491FB2E-E1CB-47B7-97F3-D154404CEE39} = {8AB601BD-0F86-40D2-907C-19D14D57DBB3}
		{397C79DD-4BCE-4CD2-834E-989A708D8395} = {9D657636-0E66-469F-9195-1379F737F74F}
		{4D0EC8CE-32D1-496C-A451-DB78108F2E40} = {2C2C3AF1-A1A3-46F0-AB58-B7D784EEB2B7}
		{D6E2D614-3753-40A5-A16C-70658E6596D1} = {8AB601BD-0F86-40D2-907C-19D14D57DBB3}
		{A08DFE27-7B43-4308-A425-5275CF5D685B} = {2C2C3AF1-A1A3-46F0-AB58-B7D784EEB2B7}
		{1F3079CF-6AA1-4BE4-8B91-127743D743DE} = {1FF2B02B-1C9D-443C-A0A7-76B2D5C3DA71}
		{1DE9F7B7-B976-4844-99B2-F678DC0E2DFA} = {1FF2B02B-1C9D-443C-A0A7-76B2D5C3DA71}
		{40B6A9C4-CDCB-4F39-AB25-F50314B4D691} = {1FF2B02B-1C9D-443C-A0A7-76B2D5C3DA71}
		{FE8F8C53-1005-453E-BED7-86DC2DEB3DEF} = {1FF2B02B-1C9D-443C-A0A7-76B2D5C3DA71}
		{9DE80C52-7465-4796-AA13-B34F9EEA7F89} = {1FF2B02B-1C9D-443C-A0A7-76B2D5C3DA71}
		{516FA653-2C2A-4B31-A559-9D6D870350E3} = {1FF2B02B-1C9D-443C-A0A7-76B2D5C3DA71}
		{3F38AC1C-914D-475D-A53C-3A1BA996AE6B} = {1FF2B02B-1C9D-443C-A0A7-76B2D5C3DA71}
	EndGlobalSection
	GlobalSection(ExtensibilityGlobals) = postSolution
		SolutionGuid = {6891F7A7-F4B8-4BAB-BD81-894909DC9465}
		RESX_PrefixTranslations = True
	EndGlobalSection
EndGlobal
